
Microsoft Visual Studio Solution File, Format Version 12.00
# Visual Studio 14
VisualStudioVersion = 14.0.25420.1
MinimumVisualStudioVersion = 10.0.40219.1
Project("{FAE04EC0-301F-11D3-BF4B-00C04F79EFBC}") = "Entry", "Entry\Entry.csproj", "{7C380FFF-C376-41EB-99D1-0467C9177831}"
EndProject
Project("{FAE04EC0-301F-11D3-BF4B-00C04F79EFBC}") = "Views", "Views\Views.csproj", "{729232BB-2CB6-4BFA-B110-25D8BDD000B2}"
EndProject
Project("{2150E333-8FDC-42A3-9474-1A3956D46DE8}") = "07.Entry", "07.Entry", "{0D60B83C-B997-4B22-85AE-0A085387E193}"
EndProject
Project("{2150E333-8FDC-42A3-9474-1A3956D46DE8}") = "06.Views", "06.Views", "{DBF121D6-0116-433F-B6F4-6F907A9E02CE}"
EndProject
Project("{2150E333-8FDC-42A3-9474-1A3956D46DE8}") = "05.ViewModels", "05.ViewModels", "{B841FB6A-1B92-4965-AF3F-8FB05BE2B827}"
EndProject
Project("{2150E333-8FDC-42A3-9474-1A3956D46DE8}") = "04.Models", "04.Models", "{23BD7777-9606-4D23-AFCF-82CD171E55D9}"
EndProject
Project("{2150E333-8FDC-42A3-9474-1A3956D46DE8}") = "01.Types", "01.Types", "{1C4C917B-BA81-43E3-9673-39BD765B27BF}"
EndProject
Project("{2150E333-8FDC-42A3-9474-1A3956D46DE8}") = "02.Common", "02.Common", "{3DE32120-FE6A-48D6-B491-2A2B797933D3}"
EndProject
Project("{2150E333-8FDC-42A3-9474-1A3956D46DE8}") = "03.Services", "03.Services", "{D42A9E4C-432B-4D04-BB60-2A98D42557FD}"
EndProject
Project("{FAE04EC0-301F-11D3-BF4B-00C04F79EFBC}") = "Define", "Define\Define.csproj", "{D6DDE65F-CBC9-49D6-8E5C-B7E57597F1FF}"
EndProject
Project("{FAE04EC0-301F-11D3-BF4B-00C04F79EFBC}") = "Common", "Common\Common.csproj", "{D18BFB65-5FDA-4CE5-B3B0-4071DF495D66}"
EndProject
Project("{FAE04EC0-301F-11D3-BF4B-00C04F79EFBC}") = "Services", "Services\Services.csproj", "{E9949871-2B63-43C7-ACAA-3282D4E0492E}"
EndProject
Project("{FAE04EC0-301F-11D3-BF4B-00C04F79EFBC}") = "ViewModels", "ViewModels\ViewModels.csproj", "{830228A7-DA70-4B04-9E91-F80457E5A29E}"
EndProject
Project("{FAE04EC0-301F-11D3-BF4B-00C04F79EFBC}") = "UICommon", "UICommon\UICommon.csproj", "{8DA6048B-9823-498B-B86F-BC62BBFCBBFC}"
EndProject
Global
	GlobalSection(SolutionConfigurationPlatforms) = preSolution
		Debug|Any CPU = Debug|Any CPU
		Release|Any CPU = Release|Any CPU
	EndGlobalSection
	GlobalSection(ProjectConfigurationPlatforms) = postSolution
		{7C380FFF-C376-41EB-99D1-0467C9177831}.Debug|Any CPU.ActiveCfg = Debug|Any CPU
		{7C380FFF-C376-41EB-99D1-0467C9177831}.Debug|Any CPU.Build.0 = Debug|Any CPU
		{7C380FFF-C376-41EB-99D1-0467C9177831}.Release|Any CPU.ActiveCfg = Release|Any CPU
		{7C380FFF-C376-41EB-99D1-0467C9177831}.Release|Any CPU.Build.0 = Release|Any CPU
		{729232BB-2CB6-4BFA-B110-25D8BDD000B2}.Debug|Any CPU.ActiveCfg = Debug|Any CPU
		{729232BB-2CB6-4BFA-B110-25D8BDD000B2}.Debug|Any CPU.Build.0 = Debug|Any CPU
		{729232BB-2CB6-4BFA-B110-25D8BDD000B2}.Release|Any CPU.ActiveCfg = Release|Any CPU
		{729232BB-2CB6-4BFA-B110-25D8BDD000B2}.Release|Any CPU.Build.0 = Release|Any CPU
		{D6DDE65F-CBC9-49D6-8E5C-B7E57597F1FF}.Debug|Any CPU.ActiveCfg = Debug|Any CPU
		{D6DDE65F-CBC9-49D6-8E5C-B7E57597F1FF}.Debug|Any CPU.Build.0 = Debug|Any CPU
		{D6DDE65F-CBC9-49D6-8E5C-B7E57597F1FF}.Release|Any CPU.ActiveCfg = Release|Any CPU
		{D6DDE65F-CBC9-49D6-8E5C-B7E57597F1FF}.Release|Any CPU.Build.0 = Release|Any CPU
		{D18BFB65-5FDA-4CE5-B3B0-4071DF495D66}.Debug|Any CPU.ActiveCfg = Debug|Any CPU
		{D18BFB65-5FDA-4CE5-B3B0-4071DF495D66}.Debug|Any CPU.Build.0 = Debug|Any CPU
		{D18BFB65-5FDA-4CE5-B3B0-4071DF495D66}.Release|Any CPU.ActiveCfg = Release|Any CPU
		{D18BFB65-5FDA-4CE5-B3B0-4071DF495D66}.Release|Any CPU.Build.0 = Release|Any CPU
		{E9949871-2B63-43C7-ACAA-3282D4E0492E}.Debug|Any CPU.ActiveCfg = Debug|Any CPU
		{E9949871-2B63-43C7-ACAA-3282D4E0492E}.Debug|Any CPU.Build.0 = Debug|Any CPU
		{E9949871-2B63-43C7-ACAA-3282D4E0492E}.Release|Any CPU.ActiveCfg = Release|Any CPU
		{E9949871-2B63-43C7-ACAA-3282D4E0492E}.Release|Any CPU.Build.0 = Release|Any CPU
		{830228A7-DA70-4B04-9E91-F80457E5A29E}.Debug|Any CPU.ActiveCfg = Debug|Any CPU
		{830228A7-DA70-4B04-9E91-F80457E5A29E}.Debug|Any CPU.Build.0 = Debug|Any CPU
		{830228A7-DA70-4B04-9E91-F80457E5A29E}.Release|Any CPU.ActiveCfg = Release|Any CPU
		{830228A7-DA70-4B04-9E91-F80457E5A29E}.Release|Any CPU.Build.0 = Release|Any CPU
		{8DA6048B-9823-498B-B86F-BC62BBFCBBFC}.Debug|Any CPU.ActiveCfg = Debug|Any CPU
		{8DA6048B-9823-498B-B86F-BC62BBFCBBFC}.Debug|Any CPU.Build.0 = Debug|Any CPU
		{8DA6048B-9823-498B-B86F-BC62BBFCBBFC}.Release|Any CPU.ActiveCfg = Release|Any CPU
		{8DA6048B-9823-498B-B86F-BC62BBFCBBFC}.Release|Any CPU.Build.0 = Release|Any CPU
	EndGlobalSection
	GlobalSection(SolutionProperties) = preSolution
		HideSolutionNode = FALSE
	EndGlobalSection
	GlobalSection(NestedProjects) = preSolution
		{7C380FFF-C376-41EB-99D1-0467C9177831} = {0D60B83C-B997-4B22-85AE-0A085387E193}
		{729232BB-2CB6-4BFA-B110-25D8BDD000B2} = {DBF121D6-0116-433F-B6F4-6F907A9E02CE}
		{D6DDE65F-CBC9-49D6-8E5C-B7E57597F1FF} = {1C4C917B-BA81-43E3-9673-39BD765B27BF}
		{D18BFB65-5FDA-4CE5-B3B0-4071DF495D66} = {3DE32120-FE6A-48D6-B491-2A2B797933D3}
		{E9949871-2B63-43C7-ACAA-3282D4E0492E} = {D42A9E4C-432B-4D04-BB60-2A98D42557FD}
		{830228A7-DA70-4B04-9E91-F80457E5A29E} = {B841FB6A-1B92-4965-AF3F-8FB05BE2B827}
		{8DA6048B-9823-498B-B86F-BC62BBFCBBFC} = {3DE32120-FE6A-48D6-B491-2A2B797933D3}
	EndGlobalSection
EndGlobal
